// !$*UTF8*$!
{
	archiveVersion = 1;
	classes = {
	};
	objectVersion = 46;
	objects = {

/* Begin PBXBuildFile section */
		EE353832136E727900F0F46B /* Cedar.framework in Frameworks */ = {isa = PBXBuildFile; fileRef = EE3C7BEE136D554C008B749F /* Cedar.framework */; };
		EE353841136E793A00F0F46B /* OCHamcrest.framework in Frameworks */ = {isa = PBXBuildFile; fileRef = EE35383F136E792E00F0F46B /* OCHamcrest.framework */; };
		EE353842136E794300F0F46B /* OCHamcrest.framework in CopyFiles */ = {isa = PBXBuildFile; fileRef = EE35383F136E792E00F0F46B /* OCHamcrest.framework */; };
		EE35385F136E829700F0F46B /* RegexKitLite.m in Sources */ = {isa = PBXBuildFile; fileRef = EE353850136E829700F0F46B /* RegexKitLite.m */; };
		EE353860136E829700F0F46B /* RegexKitLite.m in Sources */ = {isa = PBXBuildFile; fileRef = EE353850136E829700F0F46B /* RegexKitLite.m */; };
		EE353862136E830000F0F46B /* libicucore.A.dylib in Frameworks */ = {isa = PBXBuildFile; fileRef = EE353861136E830000F0F46B /* libicucore.A.dylib */; };
		EE353863136E831500F0F46B /* libicucore.A.dylib in Frameworks */ = {isa = PBXBuildFile; fileRef = EE353861136E830000F0F46B /* libicucore.A.dylib */; };
		EE353866136E83B600F0F46B /* NSString+Conversions.h in Headers */ = {isa = PBXBuildFile; fileRef = EE353864136E83B600F0F46B /* NSString+Conversions.h */; settings = {ATTRIBUTES = (Public, ); }; };
		EE353867136E83B600F0F46B /* NSString+Conversions.m in Sources */ = {isa = PBXBuildFile; fileRef = EE353865136E83B600F0F46B /* NSString+Conversions.m */; };
		EE353868136E83B600F0F46B /* NSString+Conversions.m in Sources */ = {isa = PBXBuildFile; fileRef = EE353865136E83B600F0F46B /* NSString+Conversions.m */; };
		EE35386B136E84B500F0F46B /* NSStringSpec.m in Sources */ = {isa = PBXBuildFile; fileRef = EE353869136E84A300F0F46B /* NSStringSpec.m */; };
		EE3C7BBD136D4BCA008B749F /* Foundation.framework in Frameworks */ = {isa = PBXBuildFile; fileRef = EE3C7BBC136D4BCA008B749F /* Foundation.framework */; };
		EE3C7BC0136D4BCA008B749F /* main.m in Sources */ = {isa = PBXBuildFile; fileRef = EE3C7BBF136D4BCA008B749F /* main.m */; };
		EE3C7BD8136D5414008B749F /* ObjectSpec.m in Sources */ = {isa = PBXBuildFile; fileRef = EE3C7BD7136D5414008B749F /* ObjectSpec.m */; };
		EE3C7BEF136D554C008B749F /* Cedar.framework in CopyFiles */ = {isa = PBXBuildFile; fileRef = EE3C7BEE136D554C008B749F /* Cedar.framework */; };
		EE3C7BFC136D9381008B749F /* Models.m in Sources */ = {isa = PBXBuildFile; fileRef = EE3C7BFB136D9381008B749F /* Models.m */; };
		EE3C7BFF136D969E008B749F /* Factory.m in Sources */ = {isa = PBXBuildFile; fileRef = EE3C7BFE136D969E008B749F /* Factory.m */; };
		EE3C7C02136D97D0008B749F /* NSObject+Properties.h in Headers */ = {isa = PBXBuildFile; fileRef = EE3C7C00136D97D0008B749F /* NSObject+Properties.h */; settings = {ATTRIBUTES = (Public, ); }; };
		EE3C7C03136D97D0008B749F /* NSObject+Properties.m in Sources */ = {isa = PBXBuildFile; fileRef = EE3C7C01136D97D0008B749F /* NSObject+Properties.m */; };
		EE3C7C04136D97D0008B749F /* NSObject+Properties.m in Sources */ = {isa = PBXBuildFile; fileRef = EE3C7C01136D97D0008B749F /* NSObject+Properties.m */; };
		EECC2973136D461100342AED /* Cocoa.framework in Frameworks */ = {isa = PBXBuildFile; fileRef = EECC2972136D461100342AED /* Cocoa.framework */; };
/* End PBXBuildFile section */

/* Begin PBXCopyFilesBuildPhase section */
		EE3C7BB8136D4BCA008B749F /* CopyFiles */ = {
			isa = PBXCopyFilesBuildPhase;
			buildActionMask = 2147483647;
			dstPath = /usr/share/man/man1/;
			dstSubfolderSpec = 0;
			files = (
			);
			runOnlyForDeploymentPostprocessing = 1;
		};
		EE3C7BED136D5519008B749F /* CopyFiles */ = {
			isa = PBXCopyFilesBuildPhase;
			buildActionMask = 2147483647;
			dstPath = "";
			dstSubfolderSpec = 10;
			files = (
				EE353842136E794300F0F46B /* OCHamcrest.framework in CopyFiles */,
				EE3C7BEF136D554C008B749F /* Cedar.framework in CopyFiles */,
			);
			runOnlyForDeploymentPostprocessing = 0;
		};
/* End PBXCopyFilesBuildPhase section */

/* Begin PBXFileReference section */
		EE35382E136E707400F0F46B /* Models.h */ = {isa = PBXFileReference; fileEncoding = 4; lastKnownFileType = sourcecode.c.h; path = Models.h; sourceTree = "<group>"; };
		EE353831136E722100F0F46B /* Factory.h */ = {isa = PBXFileReference; fileEncoding = 4; lastKnownFileType = sourcecode.c.h; path = Factory.h; sourceTree = "<group>"; };
		EE35383F136E792E00F0F46B /* OCHamcrest.framework */ = {isa = PBXFileReference; lastKnownFileType = wrapper.framework; name = OCHamcrest.framework; path = Libs/OCHamcrest.framework; sourceTree = "<group>"; };
		EE35384C136E829700F0F46B /* License.html */ = {isa = PBXFileReference; fileEncoding = 4; lastKnownFileType = text.html; path = License.html; sourceTree = "<group>"; };
		EE35384D136E829700F0F46B /* License.rtf */ = {isa = PBXFileReference; fileEncoding = 4; lastKnownFileType = text.rtf; path = License.rtf; sourceTree = "<group>"; };
		EE35384E136E829700F0F46B /* RegexKitLite.h */ = {isa = PBXFileReference; fileEncoding = 4; lastKnownFileType = sourcecode.c.h; path = RegexKitLite.h; sourceTree = "<group>"; };
		EE35384F136E829700F0F46B /* RegexKitLite.html */ = {isa = PBXFileReference; fileEncoding = 4; lastKnownFileType = text.html; path = RegexKitLite.html; sourceTree = "<group>"; };
		EE353850136E829700F0F46B /* RegexKitLite.m */ = {isa = PBXFileReference; fileEncoding = 4; lastKnownFileType = sourcecode.c.objc; path = RegexKitLite.m; sourceTree = "<group>"; };
		EE353861136E830000F0F46B /* libicucore.A.dylib */ = {isa = PBXFileReference; lastKnownFileType = "compiled.mach-o.dylib"; name = libicucore.A.dylib; path = usr/lib/libicucore.A.dylib; sourceTree = SDKROOT; };
		EE353864136E83B600F0F46B /* NSString+Conversions.h */ = {isa = PBXFileReference; fileEncoding = 4; lastKnownFileType = sourcecode.c.h; path = "NSString+Conversions.h"; sourceTree = "<group>"; };
		EE353865136E83B600F0F46B /* NSString+Conversions.m */ = {isa = PBXFileReference; fileEncoding = 4; lastKnownFileType = sourcecode.c.objc; path = "NSString+Conversions.m"; sourceTree = "<group>"; };
		EE353869136E84A300F0F46B /* NSStringSpec.m */ = {isa = PBXFileReference; fileEncoding = 4; lastKnownFileType = sourcecode.c.objc; path = NSStringSpec.m; sourceTree = "<group>"; };
		EE3C7BBA136D4BCA008B749F /* Specs */ = {isa = PBXFileReference; explicitFileType = "compiled.mach-o.executable"; includeInIndex = 0; path = Specs; sourceTree = BUILT_PRODUCTS_DIR; };
		EE3C7BBC136D4BCA008B749F /* Foundation.framework */ = {isa = PBXFileReference; lastKnownFileType = wrapper.framework; name = Foundation.framework; path = System/Library/Frameworks/Foundation.framework; sourceTree = SDKROOT; };
		EE3C7BBF136D4BCA008B749F /* main.m */ = {isa = PBXFileReference; lastKnownFileType = sourcecode.c.objc; path = main.m; sourceTree = "<group>"; };
		EE3C7BC2136D4BCA008B749F /* Specs-Prefix.pch */ = {isa = PBXFileReference; lastKnownFileType = sourcecode.c.h; path = "Specs-Prefix.pch"; sourceTree = "<group>"; };
		EE3C7BD7136D5414008B749F /* ObjectSpec.m */ = {isa = PBXFileReference; fileEncoding = 4; lastKnownFileType = sourcecode.c.objc; path = ObjectSpec.m; sourceTree = "<group>"; };
		EE3C7BEE136D554C008B749F /* Cedar.framework */ = {isa = PBXFileReference; lastKnownFileType = wrapper.framework; name = Cedar.framework; path = Libs/Cedar.framework; sourceTree = "<group>"; };
		EE3C7BFB136D9381008B749F /* Models.m */ = {isa = PBXFileReference; fileEncoding = 4; lastKnownFileType = sourcecode.c.objc; path = Models.m; sourceTree = "<group>"; };
		EE3C7BFE136D969E008B749F /* Factory.m */ = {isa = PBXFileReference; fileEncoding = 4; lastKnownFileType = sourcecode.c.objc; path = Factory.m; sourceTree = "<group>"; };
		EE3C7C00136D97D0008B749F /* NSObject+Properties.h */ = {isa = PBXFileReference; fileEncoding = 4; lastKnownFileType = sourcecode.c.h; path = "NSObject+Properties.h"; sourceTree = "<group>"; };
		EE3C7C01136D97D0008B749F /* NSObject+Properties.m */ = {isa = PBXFileReference; fileEncoding = 4; lastKnownFileType = sourcecode.c.objc; path = "NSObject+Properties.m"; sourceTree = "<group>"; };
		EECC296F136D461100342AED /* libHashable.a */ = {isa = PBXFileReference; explicitFileType = archive.ar; includeInIndex = 0; path = libHashable.a; sourceTree = BUILT_PRODUCTS_DIR; };
		EECC2972136D461100342AED /* Cocoa.framework */ = {isa = PBXFileReference; lastKnownFileType = wrapper.framework; name = Cocoa.framework; path = System/Library/Frameworks/Cocoa.framework; sourceTree = SDKROOT; };
		EECC2975136D461100342AED /* AppKit.framework */ = {isa = PBXFileReference; lastKnownFileType = wrapper.framework; name = AppKit.framework; path = System/Library/Frameworks/AppKit.framework; sourceTree = SDKROOT; };
		EECC2976136D461100342AED /* CoreData.framework */ = {isa = PBXFileReference; lastKnownFileType = wrapper.framework; name = CoreData.framework; path = System/Library/Frameworks/CoreData.framework; sourceTree = SDKROOT; };
		EECC2977136D461100342AED /* Foundation.framework */ = {isa = PBXFileReference; lastKnownFileType = wrapper.framework; name = Foundation.framework; path = System/Library/Frameworks/Foundation.framework; sourceTree = SDKROOT; };
		EECC297A136D461100342AED /* Hashable-Prefix.pch */ = {isa = PBXFileReference; lastKnownFileType = sourcecode.c.h; path = "Hashable-Prefix.pch"; sourceTree = "<group>"; };
/* End PBXFileReference section */

/* Begin PBXFrameworksBuildPhase section */
		EE3C7BB7136D4BCA008B749F /* Frameworks */ = {
			isa = PBXFrameworksBuildPhase;
			buildActionMask = 2147483647;
			files = (
				EE353863136E831500F0F46B /* libicucore.A.dylib in Frameworks */,
				EE3C7BBD136D4BCA008B749F /* Foundation.framework in Frameworks */,
				EE353832136E727900F0F46B /* Cedar.framework in Frameworks */,
				EE353841136E793A00F0F46B /* OCHamcrest.framework in Frameworks */,
			);
			runOnlyForDeploymentPostprocessing = 0;
		};
		EECC296C136D461100342AED /* Frameworks */ = {
			isa = PBXFrameworksBuildPhase;
			buildActionMask = 2147483647;
			files = (
				EE353862136E830000F0F46B /* libicucore.A.dylib in Frameworks */,
				EECC2973136D461100342AED /* Cocoa.framework in Frameworks */,
			);
			runOnlyForDeploymentPostprocessing = 0;
		};
/* End PBXFrameworksBuildPhase section */

/* Begin PBXGroup section */
		EE353843136E829700F0F46B /* RegexKitLite-4.0 */ = {
			isa = PBXGroup;
			children = (
				EE35384C136E829700F0F46B /* License.html */,
				EE35384D136E829700F0F46B /* License.rtf */,
				EE35384E136E829700F0F46B /* RegexKitLite.h */,
				EE35384F136E829700F0F46B /* RegexKitLite.html */,
				EE353850136E829700F0F46B /* RegexKitLite.m */,
			);
			name = "RegexKitLite-4.0";
			path = "Libs/RegexKitLite-4.0";
			sourceTree = "<group>";
		};
		EE3C7BBE136D4BCA008B749F /* Specs */ = {
			isa = PBXGroup;
			children = (
				EE3C7BFB136D9381008B749F /* Models.m */,
				EE3C7BBF136D4BCA008B749F /* main.m */,
				EE3C7BC1136D4BCA008B749F /* Supporting Files */,
				EE3C7BD7136D5414008B749F /* ObjectSpec.m */,
				EE3C7BFE136D969E008B749F /* Factory.m */,
				EE35382E136E707400F0F46B /* Models.h */,
				EE353831136E722100F0F46B /* Factory.h */,
				EE353869136E84A300F0F46B /* NSStringSpec.m */,
			);
			path = Specs;
			sourceTree = "<group>";
		};
		EE3C7BC1136D4BCA008B749F /* Supporting Files */ = {
			isa = PBXGroup;
			children = (
				EE3C7BC2136D4BCA008B749F /* Specs-Prefix.pch */,
			);
			name = "Supporting Files";
			sourceTree = "<group>";
		};
		EECC2964136D461100342AED = {
			isa = PBXGroup;
			children = (
				EECC2978136D461100342AED /* Hashable */,
				EE3C7BBE136D4BCA008B749F /* Specs */,
				EECC2971136D461100342AED /* Frameworks */,
				EECC2970136D461100342AED /* Products */,
			);
			sourceTree = "<group>";
		};
		EECC2970136D461100342AED /* Products */ = {
			isa = PBXGroup;
			children = (
				EECC296F136D461100342AED /* libHashable.a */,
				EE3C7BBA136D4BCA008B749F /* Specs */,
			);
			name = Products;
			sourceTree = "<group>";
		};
		EECC2971136D461100342AED /* Frameworks */ = {
			isa = PBXGroup;
			children = (
				EE353861136E830000F0F46B /* libicucore.A.dylib */,
				EE353843136E829700F0F46B /* RegexKitLite-4.0 */,
				EE35383F136E792E00F0F46B /* OCHamcrest.framework */,
				EE3C7BEE136D554C008B749F /* Cedar.framework */,
				EECC2972136D461100342AED /* Cocoa.framework */,
				EE3C7BBC136D4BCA008B749F /* Foundation.framework */,
				EECC2974136D461100342AED /* Other Frameworks */,
			);
			name = Frameworks;
			sourceTree = "<group>";
		};
		EECC2974136D461100342AED /* Other Frameworks */ = {
			isa = PBXGroup;
			children = (
				EECC2975136D461100342AED /* AppKit.framework */,
				EECC2976136D461100342AED /* CoreData.framework */,
				EECC2977136D461100342AED /* Foundation.framework */,
			);
			name = "Other Frameworks";
			sourceTree = "<group>";
		};
		EECC2978136D461100342AED /* Hashable */ = {
			isa = PBXGroup;
			children = (
				EE3C7C00136D97D0008B749F /* NSObject+Properties.h */,
				EE3C7C01136D97D0008B749F /* NSObject+Properties.m */,
				EECC2979136D461100342AED /* Supporting Files */,
				EE353864136E83B600F0F46B /* NSString+Conversions.h */,
				EE353865136E83B600F0F46B /* NSString+Conversions.m */,
			);
			path = Hashable;
			sourceTree = "<group>";
		};
		EECC2979136D461100342AED /* Supporting Files */ = {
			isa = PBXGroup;
			children = (
				EECC297A136D461100342AED /* Hashable-Prefix.pch */,
			);
			name = "Supporting Files";
			sourceTree = "<group>";
		};
/* End PBXGroup section */

/* Begin PBXHeadersBuildPhase section */
		EECC296D136D461100342AED /* Headers */ = {
			isa = PBXHeadersBuildPhase;
			buildActionMask = 2147483647;
			files = (
				EE3C7C02136D97D0008B749F /* NSObject+Properties.h in Headers */,
				EE353866136E83B600F0F46B /* NSString+Conversions.h in Headers */,
			);
			runOnlyForDeploymentPostprocessing = 0;
		};
/* End PBXHeadersBuildPhase section */

/* Begin PBXNativeTarget section */
		EE3C7BB9136D4BCA008B749F /* Specs */ = {
			isa = PBXNativeTarget;
			buildConfigurationList = EE3C7BC6136D4BCA008B749F /* Build configuration list for PBXNativeTarget "Specs" */;
			buildPhases = (
				EE3C7BED136D5519008B749F /* CopyFiles */,
				EE3C7BB6136D4BCA008B749F /* Sources */,
				EE3C7BB7136D4BCA008B749F /* Frameworks */,
				EE3C7BB8136D4BCA008B749F /* CopyFiles */,
			);
			buildRules = (
			);
			dependencies = (
			);
			name = Specs;
			productName = Specs;
			productReference = EE3C7BBA136D4BCA008B749F /* Specs */;
			productType = "com.apple.product-type.tool";
		};
		EECC296E136D461100342AED /* Hashable */ = {
			isa = PBXNativeTarget;
			buildConfigurationList = EECC297D136D461100342AED /* Build configuration list for PBXNativeTarget "Hashable" */;
			buildPhases = (
				EECC296B136D461100342AED /* Sources */,
				EECC296C136D461100342AED /* Frameworks */,
				EECC296D136D461100342AED /* Headers */,
			);
			buildRules = (
			);
			dependencies = (
			);
			name = Hashable;
			productName = Hashable;
			productReference = EECC296F136D461100342AED /* libHashable.a */;
			productType = "com.apple.product-type.library.static";
		};
/* End PBXNativeTarget section */

/* Begin PBXProject section */
		EECC2966136D461100342AED /* Project object */ = {
			isa = PBXProject;
			buildConfigurationList = EECC2969136D461100342AED /* Build configuration list for PBXProject "Hashable" */;
			compatibilityVersion = "Xcode 3.2";
			developmentRegion = English;
			hasScannedForEncodings = 0;
			knownRegions = (
				en,
			);
			mainGroup = EECC2964136D461100342AED;
			productRefGroup = EECC2970136D461100342AED /* Products */;
			projectDirPath = "";
			projectRoot = "";
			targets = (
				EECC296E136D461100342AED /* Hashable */,
				EE3C7BB9136D4BCA008B749F /* Specs */,
			);
		};
/* End PBXProject section */

/* Begin PBXSourcesBuildPhase section */
		EE3C7BB6136D4BCA008B749F /* Sources */ = {
			isa = PBXSourcesBuildPhase;
			buildActionMask = 2147483647;
			files = (
				EE3C7BC0136D4BCA008B749F /* main.m in Sources */,
				EE3C7BFF136D969E008B749F /* Factory.m in Sources */,
				EE3C7BFC136D9381008B749F /* Models.m in Sources */,
				EE3C7C04136D97D0008B749F /* NSObject+Properties.m in Sources */,
				EE3C7BD8136D5414008B749F /* ObjectSpec.m in Sources */,
				EE353860136E829700F0F46B /* RegexKitLite.m in Sources */,
				EE353868136E83B600F0F46B /* NSString+Conversions.m in Sources */,
				EE35386B136E84B500F0F46B /* NSStringSpec.m in Sources */,
			);
			runOnlyForDeploymentPostprocessing = 0;
		};
		EECC296B136D461100342AED /* Sources */ = {
			isa = PBXSourcesBuildPhase;
			buildActionMask = 2147483647;
			files = (
				EE3C7C03136D97D0008B749F /* NSObject+Properties.m in Sources */,
				EE35385F136E829700F0F46B /* RegexKitLite.m in Sources */,
				EE353867136E83B600F0F46B /* NSString+Conversions.m in Sources */,
			);
			runOnlyForDeploymentPostprocessing = 0;
		};
/* End PBXSourcesBuildPhase section */

/* Begin XCBuildConfiguration section */
		EE3C7BC4136D4BCA008B749F /* Debug */ = {
			isa = XCBuildConfiguration;
			buildSettings = {
				ALWAYS_SEARCH_USER_PATHS = NO;
				COPY_PHASE_STRIP = NO;
				FRAMEWORK_SEARCH_PATHS = (
					"$(inherited)",
					"\"$(SRCROOT)/Libs\"",
				);
				GCC_DYNAMIC_NO_PIC = NO;
				GCC_ENABLE_OBJC_EXCEPTIONS = YES;
				GCC_PRECOMPILE_PREFIX_HEADER = YES;
				GCC_PREFIX_HEADER = "Specs/Specs-Prefix.pch";
				PRODUCT_NAME = "$(TARGET_NAME)";
			};
			name = Debug;
		};
		EE3C7BC5136D4BCA008B749F /* Release */ = {
			isa = XCBuildConfiguration;
			buildSettings = {
				ALWAYS_SEARCH_USER_PATHS = NO;
				COPY_PHASE_STRIP = YES;
				DEBUG_INFORMATION_FORMAT = "dwarf-with-dsym";
				FRAMEWORK_SEARCH_PATHS = (
					"$(inherited)",
					"\"$(SRCROOT)/Libs\"",
				);
				GCC_ENABLE_OBJC_EXCEPTIONS = YES;
				GCC_PRECOMPILE_PREFIX_HEADER = YES;
				GCC_PREFIX_HEADER = "Specs/Specs-Prefix.pch";
				PRODUCT_NAME = "$(TARGET_NAME)";
			};
			name = Release;
		};
		EECC297B136D461100342AED /* Debug */ = {
			isa = XCBuildConfiguration;
			buildSettings = {
				ARCHS = "$(ARCHS_STANDARD_32_64_BIT)";
				GCC_C_LANGUAGE_STANDARD = gnu99;
				GCC_OPTIMIZATION_LEVEL = 0;
				GCC_PREPROCESSOR_DEFINITIONS = DEBUG;
				GCC_SYMBOLS_PRIVATE_EXTERN = NO;
				GCC_VERSION = com.apple.compilers.llvm.clang.1_0;
				GCC_WARN_64_TO_32_BIT_CONVERSION = YES;
				GCC_WARN_ABOUT_RETURN_TYPE = YES;
				GCC_WARN_UNUSED_VARIABLE = YES;
				MACOSX_DEPLOYMENT_TARGET = 10.6;
				ONLY_ACTIVE_ARCH = YES;
				SDKROOT = macosx;
			};
			name = Debug;
		};
		EECC297C136D461100342AED /* Release */ = {
			isa = XCBuildConfiguration;
			buildSettings = {
				ARCHS = "$(ARCHS_STANDARD_32_64_BIT)";
				GCC_C_LANGUAGE_STANDARD = gnu99;
				GCC_VERSION = com.apple.compilers.llvm.clang.1_0;
				GCC_WARN_64_TO_32_BIT_CONVERSION = YES;
				GCC_WARN_ABOUT_RETURN_TYPE = YES;
				GCC_WARN_UNUSED_VARIABLE = YES;
				MACOSX_DEPLOYMENT_TARGET = 10.6;
				SDKROOT = macosx;
			};
			name = Release;
		};
		EECC297E136D461100342AED /* Debug */ = {
			isa = XCBuildConfiguration;
			buildSettings = {
				ALWAYS_SEARCH_USER_PATHS = NO;
				COPY_PHASE_STRIP = NO;
				GCC_DYNAMIC_NO_PIC = NO;
				GCC_ENABLE_OBJC_EXCEPTIONS = YES;
				GCC_PRECOMPILE_PREFIX_HEADER = YES;
				GCC_PREFIX_HEADER = "Hashable/Hashable-Prefix.pch";
				PRODUCT_NAME = "$(TARGET_NAME)";
			};
			name = Debug;
		};
		EECC297F136D461100342AED /* Release */ = {
			isa = XCBuildConfiguration;
			buildSettings = {
				ALWAYS_SEARCH_USER_PATHS = NO;
				COPY_PHASE_STRIP = YES;
				DEBUG_INFORMATION_FORMAT = "dwarf-with-dsym";
				GCC_ENABLE_OBJC_EXCEPTIONS = YES;
				GCC_PRECOMPILE_PREFIX_HEADER = YES;
				GCC_PREFIX_HEADER = "Hashable/Hashable-Prefix.pch";
				PRODUCT_NAME = "$(TARGET_NAME)";
			};
			name = Release;
		};
/* End XCBuildConfiguration section */

/* Begin XCConfigurationList section */
		EE3C7BC6136D4BCA008B749F /* Build configuration list for PBXNativeTarget "Specs" */ = {
			isa = XCConfigurationList;
			buildConfigurations = (
				EE3C7BC4136D4BCA008B749F /* Debug */,
				EE3C7BC5136D4BCA008B749F /* Release */,
			);
			defaultConfigurationIsVisible = 0;
			defaultConfigurationName = Release;
		};
		EECC2969136D461100342AED /* Build configuration list for PBXProject "Hashable" */ = {
			isa = XCConfigurationList;
			buildConfigurations = (
				EECC297B136D461100342AED /* Debug */,
				EECC297C136D461100342AED /* Release */,
			);
			defaultConfigurationIsVisible = 0;
			defaultConfigurationName = Release;
		};
		EECC297D136D461100342AED /* Build configuration list for PBXNativeTarget "Hashable" */ = {
			isa = XCConfigurationList;
			buildConfigurations = (
				EECC297E136D461100342AED /* Debug */,
				EECC297F136D461100342AED /* Release */,
			);
			defaultConfigurationIsVisible = 0;
			defaultConfigurationName = Release;
		};
/* End XCConfigurationList section */
	};
	rootObject = EECC2966136D461100342AED /* Project object */;
}
